
Microsoft Visual Studio Solution File, Format Version 12.00
# Visual Studio Version 17
VisualStudioVersion = 17.0.31903.59
MinimumVisualStudioVersion = 10.0.40219.1
Project("{2150E333-8FDC-42A3-9474-1A3956D46DE8}") = "src", "src", "{827E0CD3-B72D-47B6-A68D-7590B98EB39B}"
EndProject
Project("{FAE04EC0-301F-11D3-BF4B-00C04F79EFBC}") = "NimbusStation.Core", "src\NimbusStation.Core\NimbusStation.Core.csproj", "{A1032E1D-212B-4D9A-8157-D8E5CD019944}"
EndProject
Project("{FAE04EC0-301F-11D3-BF4B-00C04F79EFBC}") = "NimbusStation.Infrastructure", "src\NimbusStation.Infrastructure\NimbusStation.Infrastructure.csproj", "{A3B87E51-68F1-44BC-902F-5DBEED9C999F}"
EndProject
Project("{FAE04EC0-301F-11D3-BF4B-00C04F79EFBC}") = "NimbusStation.Providers.Azure", "src\NimbusStation.Providers.Azure\NimbusStation.Providers.Azure.csproj", "{DF253A51-34FB-4F04-9CEA-A50922252933}"
EndProject
Project("{FAE04EC0-301F-11D3-BF4B-00C04F79EFBC}") = "NimbusStation.Cli", "src\NimbusStation.Cli\NimbusStation.Cli.csproj", "{A2EA6775-FFF6-4FC0-B47F-9F44E16BD761}"
EndProject
Project("{FAE04EC0-301F-11D3-BF4B-00C04F79EFBC}") = "NimbusStation.Tests", "src\NimbusStation.Tests\NimbusStation.Tests.csproj", "{8EF7B324-0F24-4494-B9FC-F3B66EECC8C7}"
EndProject
Project("{FAE04EC0-301F-11D3-BF4B-00C04F79EFBC}") = "NimbusStation.Spike.Piping", "src\NimbusStation.Spike.Piping\NimbusStation.Spike.Piping.csproj", "{099401A3-734F-4A08-A2E8-1DBE416316D3}"
EndProject
Global
	GlobalSection(SolutionConfigurationPlatforms) = preSolution
		Debug|Any CPU = Debug|Any CPU
		Debug|x64 = Debug|x64
		Debug|x86 = Debug|x86
		Release|Any CPU = Release|Any CPU
		Release|x64 = Release|x64
		Release|x86 = Release|x86
	EndGlobalSection
	GlobalSection(ProjectConfigurationPlatforms) = postSolution
		{A1032E1D-212B-4D9A-8157-D8E5CD019944}.Debug|Any CPU.ActiveCfg = Debug|Any CPU
		{A1032E1D-212B-4D9A-8157-D8E5CD019944}.Debug|Any CPU.Build.0 = Debug|Any CPU
		{A1032E1D-212B-4D9A-8157-D8E5CD019944}.Debug|x64.ActiveCfg = Debug|Any CPU
		{A1032E1D-212B-4D9A-8157-D8E5CD019944}.Debug|x64.Build.0 = Debug|Any CPU
		{A1032E1D-212B-4D9A-8157-D8E5CD019944}.Debug|x86.ActiveCfg = Debug|Any CPU
		{A1032E1D-212B-4D9A-8157-D8E5CD019944}.Debug|x86.Build.0 = Debug|Any CPU
		{A1032E1D-212B-4D9A-8157-D8E5CD019944}.Release|Any CPU.ActiveCfg = Release|Any CPU
		{A1032E1D-212B-4D9A-8157-D8E5CD019944}.Release|Any CPU.Build.0 = Release|Any CPU
		{A1032E1D-212B-4D9A-8157-D8E5CD019944}.Release|x64.ActiveCfg = Release|Any CPU
		{A1032E1D-212B-4D9A-8157-D8E5CD019944}.Release|x64.Build.0 = Release|Any CPU
		{A1032E1D-212B-4D9A-8157-D8E5CD019944}.Release|x86.ActiveCfg = Release|Any CPU
		{A1032E1D-212B-4D9A-8157-D8E5CD019944}.Release|x86.Build.0 = Release|Any CPU
		{A3B87E51-68F1-44BC-902F-5DBEED9C999F}.Debug|Any CPU.ActiveCfg = Debug|Any CPU
		{A3B87E51-68F1-44BC-902F-5DBEED9C999F}.Debug|Any CPU.Build.0 = Debug|Any CPU
		{A3B87E51-68F1-44BC-902F-5DBEED9C999F}.Debug|x64.ActiveCfg = Debug|Any CPU
		{A3B87E51-68F1-44BC-902F-5DBEED9C999F}.Debug|x64.Build.0 = Debug|Any CPU
		{A3B87E51-68F1-44BC-902F-5DBEED9C999F}.Debug|x86.ActiveCfg = Debug|Any CPU
		{A3B87E51-68F1-44BC-902F-5DBEED9C999F}.Debug|x86.Build.0 = Debug|Any CPU
		{A3B87E51-68F1-44BC-902F-5DBEED9C999F}.Release|Any CPU.ActiveCfg = Release|Any CPU
		{A3B87E51-68F1-44BC-902F-5DBEED9C999F}.Release|Any CPU.Build.0 = Release|Any CPU
		{A3B87E51-68F1-44BC-902F-5DBEED9C999F}.Release|x64.ActiveCfg = Release|Any CPU
		{A3B87E51-68F1-44BC-902F-5DBEED9C999F}.Release|x64.Build.0 = Release|Any CPU
		{A3B87E51-68F1-44BC-902F-5DBEED9C999F}.Release|x86.ActiveCfg = Release|Any CPU
		{A3B87E51-68F1-44BC-902F-5DBEED9C999F}.Release|x86.Build.0 = Release|Any CPU
		{DF253A51-34FB-4F04-9CEA-A50922252933}.Debug|Any CPU.ActiveCfg = Debug|Any CPU
		{DF253A51-34FB-4F04-9CEA-A50922252933}.Debug|Any CPU.Build.0 = Debug|Any CPU
		{DF253A51-34FB-4F04-9CEA-A50922252933}.Debug|x64.ActiveCfg = Debug|Any CPU
		{DF253A51-34FB-4F04-9CEA-A50922252933}.Debug|x64.Build.0 = Debug|Any CPU
		{DF253A51-34FB-4F04-9CEA-A50922252933}.Debug|x86.ActiveCfg = Debug|Any CPU
		{DF253A51-34FB-4F04-9CEA-A50922252933}.Debug|x86.Build.0 = Debug|Any CPU
		{DF253A51-34FB-4F04-9CEA-A50922252933}.Release|Any CPU.ActiveCfg = Release|Any CPU
		{DF253A51-34FB-4F04-9CEA-A50922252933}.Release|Any CPU.Build.0 = Release|Any CPU
		{DF253A51-34FB-4F04-9CEA-A50922252933}.Release|x64.ActiveCfg = Release|Any CPU
		{DF253A51-34FB-4F04-9CEA-A50922252933}.Release|x64.Build.0 = Release|Any CPU
		{DF253A51-34FB-4F04-9CEA-A50922252933}.Release|x86.ActiveCfg = Release|Any CPU
		{DF253A51-34FB-4F04-9CEA-A50922252933}.Release|x86.Build.0 = Release|Any CPU
		{A2EA6775-FFF6-4FC0-B47F-9F44E16BD761}.Debug|Any CPU.ActiveCfg = Debug|Any CPU
		{A2EA6775-FFF6-4FC0-B47F-9F44E16BD761}.Debug|Any CPU.Build.0 = Debug|Any CPU
		{A2EA6775-FFF6-4FC0-B47F-9F44E16BD761}.Debug|x64.ActiveCfg = Debug|Any CPU
		{A2EA6775-FFF6-4FC0-B47F-9F44E16BD761}.Debug|x64.Build.0 = Debug|Any CPU
		{A2EA6775-FFF6-4FC0-B47F-9F44E16BD761}.Debug|x86.ActiveCfg = Debug|Any CPU
		{A2EA6775-FFF6-4FC0-B47F-9F44E16BD761}.Debug|x86.Build.0 = Debug|Any CPU
		{A2EA6775-FFF6-4FC0-B47F-9F44E16BD761}.Release|Any CPU.ActiveCfg = Release|Any CPU
		{A2EA6775-FFF6-4FC0-B47F-9F44E16BD761}.Release|Any CPU.Build.0 = Release|Any CPU
		{A2EA6775-FFF6-4FC0-B47F-9F44E16BD761}.Release|x64.ActiveCfg = Release|Any CPU
		{A2EA6775-FFF6-4FC0-B47F-9F44E16BD761}.Release|x64.Build.0 = Release|Any CPU
		{A2EA6775-FFF6-4FC0-B47F-9F44E16BD761}.Release|x86.ActiveCfg = Release|Any CPU
		{A2EA6775-FFF6-4FC0-B47F-9F44E16BD761}.Release|x86.Build.0 = Release|Any CPU
		{8EF7B324-0F24-4494-B9FC-F3B66EECC8C7}.Debug|Any CPU.ActiveCfg = Debug|Any CPU
		{8EF7B324-0F24-4494-B9FC-F3B66EECC8C7}.Debug|Any CPU.Build.0 = Debug|Any CPU
		{8EF7B324-0F24-4494-B9FC-F3B66EECC8C7}.Debug|x64.ActiveCfg = Debug|Any CPU
		{8EF7B324-0F24-4494-B9FC-F3B66EECC8C7}.Debug|x64.Build.0 = Debug|Any CPU
		{8EF7B324-0F24-4494-B9FC-F3B66EECC8C7}.Debug|x86.ActiveCfg = Debug|Any CPU
		{8EF7B324-0F24-4494-B9FC-F3B66EECC8C7}.Debug|x86.Build.0 = Debug|Any CPU
		{8EF7B324-0F24-4494-B9FC-F3B66EECC8C7}.Release|Any CPU.ActiveCfg = Release|Any CPU
		{8EF7B324-0F24-4494-B9FC-F3B66EECC8C7}.Release|Any CPU.Build.0 = Release|Any CPU
		{8EF7B324-0F24-4494-B9FC-F3B66EECC8C7}.Release|x64.ActiveCfg = Release|Any CPU
		{8EF7B324-0F24-4494-B9FC-F3B66EECC8C7}.Release|x64.Build.0 = Release|Any CPU
		{8EF7B324-0F24-4494-B9FC-F3B66EECC8C7}.Release|x86.ActiveCfg = Release|Any CPU
		{8EF7B324-0F24-4494-B9FC-F3B66EECC8C7}.Release|x86.Build.0 = Release|Any CPU
		{099401A3-734F-4A08-A2E8-1DBE416316D3}.Debug|Any CPU.ActiveCfg = Debug|Any CPU
		{099401A3-734F-4A08-A2E8-1DBE416316D3}.Debug|Any CPU.Build.0 = Debug|Any CPU
		{099401A3-734F-4A08-A2E8-1DBE416316D3}.Debug|x64.ActiveCfg = Debug|Any CPU
		{099401A3-734F-4A08-A2E8-1DBE416316D3}.Debug|x64.Build.0 = Debug|Any CPU
		{099401A3-734F-4A08-A2E8-1DBE416316D3}.Debug|x86.ActiveCfg = Debug|Any CPU
		{099401A3-734F-4A08-A2E8-1DBE416316D3}.Debug|x86.Build.0 = Debug|Any CPU
		{099401A3-734F-4A08-A2E8-1DBE416316D3}.Release|Any CPU.ActiveCfg = Release|Any CPU
		{099401A3-734F-4A08-A2E8-1DBE416316D3}.Release|Any CPU.Build.0 = Release|Any CPU
		{099401A3-734F-4A08-A2E8-1DBE416316D3}.Release|x64.ActiveCfg = Release|Any CPU
		{099401A3-734F-4A08-A2E8-1DBE416316D3}.Release|x64.Build.0 = Release|Any CPU
		{099401A3-734F-4A08-A2E8-1DBE416316D3}.Release|x86.ActiveCfg = Release|Any CPU
		{099401A3-734F-4A08-A2E8-1DBE416316D3}.Release|x86.Build.0 = Release|Any CPU
	EndGlobalSection
	GlobalSection(SolutionProperties) = preSolution
		HideSolutionNode = FALSE
	EndGlobalSection
	GlobalSection(NestedProjects) = preSolution
		{A1032E1D-212B-4D9A-8157-D8E5CD019944} = {827E0CD3-B72D-47B6-A68D-7590B98EB39B}
		{A3B87E51-68F1-44BC-902F-5DBEED9C999F} = {827E0CD3-B72D-47B6-A68D-7590B98EB39B}
		{DF253A51-34FB-4F04-9CEA-A50922252933} = {827E0CD3-B72D-47B6-A68D-7590B98EB39B}
		{A2EA6775-FFF6-4FC0-B47F-9F44E16BD761} = {827E0CD3-B72D-47B6-A68D-7590B98EB39B}
		{8EF7B324-0F24-4494-B9FC-F3B66EECC8C7} = {827E0CD3-B72D-47B6-A68D-7590B98EB39B}
		{099401A3-734F-4A08-A2E8-1DBE416316D3} = {827E0CD3-B72D-47B6-A68D-7590B98EB39B}
	EndGlobalSection
EndGlobal
